
Microsoft Visual Studio Solution File, Format Version 12.00
# Visual Studio Version 17
VisualStudioVersion = 17.12.35707.178
MinimumVisualStudioVersion = 10.0.40219.1
Project("{9A19103F-16F7-4668-BE54-9A1E7A4F7556}") = "DungeDexBE", "DungeDexBE\DungeDexBE.csproj", "{200DD5BA-67B1-480A-95B6-C6B29D4F4979}"
EndProject
Project("{9A19103F-16F7-4668-BE54-9A1E7A4F7556}") = "DungeDexFE", "DungeDexFE\DungeDexFE\DungeDexFE.csproj", "{A23DBADD-B733-49DD-B26B-45E15736F148}"
EndProject
Project("{9A19103F-16F7-4668-BE54-9A1E7A4F7556}") = "DungeDexFE.Client", "DungeDexFE\DungeDexFE.Client\DungeDexFE.Client.csproj", "{15A74309-77AA-4E5A-AF61-A3267DCB1A14}"
EndProject
Global
	GlobalSection(SolutionConfigurationPlatforms) = preSolution
		Debug|Any CPU = Debug|Any CPU
		Release|Any CPU = Release|Any CPU
	EndGlobalSection
	GlobalSection(ProjectConfigurationPlatforms) = postSolution
		{200DD5BA-67B1-480A-95B6-C6B29D4F4979}.Debug|Any CPU.ActiveCfg = Debug|Any CPU
		{200DD5BA-67B1-480A-95B6-C6B29D4F4979}.Debug|Any CPU.Build.0 = Debug|Any CPU
		{200DD5BA-67B1-480A-95B6-C6B29D4F4979}.Release|Any CPU.ActiveCfg = Release|Any CPU
		{200DD5BA-67B1-480A-95B6-C6B29D4F4979}.Release|Any CPU.Build.0 = Release|Any CPU
		{A23DBADD-B733-49DD-B26B-45E15736F148}.Debug|Any CPU.ActiveCfg = Debug|Any CPU
		{A23DBADD-B733-49DD-B26B-45E15736F148}.Debug|Any CPU.Build.0 = Debug|Any CPU
		{A23DBADD-B733-49DD-B26B-45E15736F148}.Release|Any CPU.ActiveCfg = Release|Any CPU
		{A23DBADD-B733-49DD-B26B-45E15736F148}.Release|Any CPU.Build.0 = Release|Any CPU
		{15A74309-77AA-4E5A-AF61-A3267DCB1A14}.Debug|Any CPU.ActiveCfg = Debug|Any CPU
		{15A74309-77AA-4E5A-AF61-A3267DCB1A14}.Debug|Any CPU.Build.0 = Debug|Any CPU
		{15A74309-77AA-4E5A-AF61-A3267DCB1A14}.Release|Any CPU.ActiveCfg = Release|Any CPU
		{15A74309-77AA-4E5A-AF61-A3267DCB1A14}.Release|Any CPU.Build.0 = Release|Any CPU
	EndGlobalSection
	GlobalSection(SolutionProperties) = preSolution
		HideSolutionNode = FALSE
	EndGlobalSection
	GlobalSection(ExtensibilityGlobals) = postSolution
		SolutionGuid = {A3B33DE3-6E65-48E9-B3FE-CE3D30ECA15C}
	EndGlobalSection
EndGlobal
